
Microsoft Visual Studio Solution File, Format Version 12.00
# Visual Studio Version 16
VisualStudioVersion = 16.0.30011.22
MinimumVisualStudioVersion = 10.0.40219.1
Project("{FAE04EC0-301F-11D3-BF4B-00C04F79EFBC}") = "pryProyecto2", "pryProyecto2\pryProyecto2.csproj", "{C9FE46AE-E823-41A5-8274-1B75EE92123C}"
EndProject
Global
	GlobalSection(SolutionConfigurationPlatforms) = preSolution
		Debug|Any CPU = Debug|Any CPU
		Release|Any CPU = Release|Any CPU
	EndGlobalSection
	GlobalSection(ProjectConfigurationPlatforms) = postSolution
		{C9FE46AE-E823-41A5-8274-1B75EE92123C}.Debug|Any CPU.ActiveCfg = Debug|Any CPU
		{C9FE46AE-E823-41A5-8274-1B75EE92123C}.Debug|Any CPU.Build.0 = Debug|Any CPU
		{C9FE46AE-E823-41A5-8274-1B75EE92123C}.Release|Any CPU.ActiveCfg = Release|Any CPU
		{C9FE46AE-E823-41A5-8274-1B75EE92123C}.Release|Any CPU.Build.0 = Release|Any CPU
	EndGlobalSection
	GlobalSection(SolutionProperties) = preSolution
		HideSolutionNode = FALSE
	EndGlobalSection
	GlobalSection(ExtensibilityGlobals) = postSolution
		SolutionGuid = {147C1C9F-8045-42EF-9F84-E3CB51AC5311}
	EndGlobalSection
EndGlobal
